
Microsoft Visual Studio Solution File, Format Version 12.00
# Visual Studio Version 16
VisualStudioVersion = 16.0.31702.278
MinimumVisualStudioVersion = 10.0.40219.1
Project("{F184B08F-C81C-45F6-A57F-5ABD9991F28F}") = "XWorm", "Dark Worm\XWorm.vbproj", "{B2A8103A-2C24-4F98-8614-22F20D63E0EF}"
EndProject
Global
	GlobalSection(SolutionConfigurationPlatforms) = preSolution
		Debug|Any CPU = Debug|Any CPU
		Release|Any CPU = Release|Any CPU
	EndGlobalSection
	GlobalSection(ProjectConfigurationPlatforms) = postSolution
		{B2A8103A-2C24-4F98-8614-22F20D63E0EF}.Debug|Any CPU.ActiveCfg = Debug|Any CPU
		{B2A8103A-2C24-4F98-8614-22F20D63E0EF}.Debug|Any CPU.Build.0 = Debug|Any CPU
		{B2A8103A-2C24-4F98-8614-22F20D63E0EF}.Release|Any CPU.ActiveCfg = Release|Any CPU
		{B2A8103A-2C24-4F98-8614-22F20D63E0EF}.Release|Any CPU.Build.0 = Release|Any CPU
		{7D4EF047-9A3D-49C7-B35C-D95A76628167}.Debug|Any CPU.ActiveCfg = Debug|Any CPU
		{7D4EF047-9A3D-49C7-B35C-D95A76628167}.Debug|Any CPU.Build.0 = Debug|Any CPU
		{7D4EF047-9A3D-49C7-B35C-D95A76628167}.Release|Any CPU.ActiveCfg = Release|Any CPU
		{7D4EF047-9A3D-49C7-B35C-D95A76628167}.Release|Any CPU.Build.0 = Release|Any CPU
		{1CDD47C2-7C4B-412D-8018-7311B98F4E28}.Debug|Any CPU.ActiveCfg = Debug|Any CPU
		{1CDD47C2-7C4B-412D-8018-7311B98F4E28}.Debug|Any CPU.Build.0 = Debug|Any CPU
		{1CDD47C2-7C4B-412D-8018-7311B98F4E28}.Release|Any CPU.ActiveCfg = Release|Any CPU
		{1CDD47C2-7C4B-412D-8018-7311B98F4E28}.Release|Any CPU.Build.0 = Release|Any CPU
		{6F109DD5-D034-434D-8F9E-53E87CAC1B5B}.Debug|Any CPU.ActiveCfg = Debug|Any CPU
		{6F109DD5-D034-434D-8F9E-53E87CAC1B5B}.Debug|Any CPU.Build.0 = Debug|Any CPU
		{6F109DD5-D034-434D-8F9E-53E87CAC1B5B}.Release|Any CPU.ActiveCfg = Release|Any CPU
		{6F109DD5-D034-434D-8F9E-53E87CAC1B5B}.Release|Any CPU.Build.0 = Release|Any CPU
		{A96B6959-AE3E-4666-B4B2-D85C0BA8694D}.Debug|Any CPU.ActiveCfg = Debug|Any CPU
		{A96B6959-AE3E-4666-B4B2-D85C0BA8694D}.Debug|Any CPU.Build.0 = Debug|Any CPU
		{A96B6959-AE3E-4666-B4B2-D85C0BA8694D}.Release|Any CPU.ActiveCfg = Release|Any CPU
		{A96B6959-AE3E-4666-B4B2-D85C0BA8694D}.Release|Any CPU.Build.0 = Release|Any CPU
		{8E6CB7CC-D403-4371-8586-09C3296E583E}.Debug|Any CPU.ActiveCfg = Debug|Any CPU
		{8E6CB7CC-D403-4371-8586-09C3296E583E}.Debug|Any CPU.Build.0 = Debug|Any CPU
		{8E6CB7CC-D403-4371-8586-09C3296E583E}.Release|Any CPU.ActiveCfg = Release|Any CPU
		{8E6CB7CC-D403-4371-8586-09C3296E583E}.Release|Any CPU.Build.0 = Release|Any CPU
		{7D936D0C-E43F-449A-BAE4-F3788F281A15}.Debug|Any CPU.ActiveCfg = Debug|Any CPU
		{7D936D0C-E43F-449A-BAE4-F3788F281A15}.Debug|Any CPU.Build.0 = Debug|Any CPU
		{7D936D0C-E43F-449A-BAE4-F3788F281A15}.Release|Any CPU.ActiveCfg = Release|Any CPU
		{7D936D0C-E43F-449A-BAE4-F3788F281A15}.Release|Any CPU.Build.0 = Release|Any CPU
		{C75EAB48-6A65-4676-AC86-B099F136ECCC}.Debug|Any CPU.ActiveCfg = Debug|Any CPU
		{C75EAB48-6A65-4676-AC86-B099F136ECCC}.Debug|Any CPU.Build.0 = Debug|Any CPU
		{C75EAB48-6A65-4676-AC86-B099F136ECCC}.Release|Any CPU.ActiveCfg = Release|Any CPU
		{C75EAB48-6A65-4676-AC86-B099F136ECCC}.Release|Any CPU.Build.0 = Release|Any CPU
		{45F57580-3A91-4EC2-959F-3BA7D8FC1892}.Debug|Any CPU.ActiveCfg = Debug|Any CPU
		{45F57580-3A91-4EC2-959F-3BA7D8FC1892}.Debug|Any CPU.Build.0 = Debug|Any CPU
		{45F57580-3A91-4EC2-959F-3BA7D8FC1892}.Release|Any CPU.ActiveCfg = Release|Any CPU
		{45F57580-3A91-4EC2-959F-3BA7D8FC1892}.Release|Any CPU.Build.0 = Release|Any CPU
		{3EB736F6-C410-4928-8F32-80CE963278E0}.Debug|Any CPU.ActiveCfg = Debug|Any CPU
		{3EB736F6-C410-4928-8F32-80CE963278E0}.Debug|Any CPU.Build.0 = Debug|Any CPU
		{3EB736F6-C410-4928-8F32-80CE963278E0}.Release|Any CPU.ActiveCfg = Release|Any CPU
		{3EB736F6-C410-4928-8F32-80CE963278E0}.Release|Any CPU.Build.0 = Release|Any CPU
		{A3A4C589-E6C5-4252-9AB3-5B53ECD96598}.Debug|Any CPU.ActiveCfg = Debug|Any CPU
		{A3A4C589-E6C5-4252-9AB3-5B53ECD96598}.Debug|Any CPU.Build.0 = Debug|Any CPU
		{A3A4C589-E6C5-4252-9AB3-5B53ECD96598}.Release|Any CPU.ActiveCfg = Release|Any CPU
		{A3A4C589-E6C5-4252-9AB3-5B53ECD96598}.Release|Any CPU.Build.0 = Release|Any CPU
		{CF7556A0-4CC5-4E27-ADC5-440EC83CA26D}.Debug|Any CPU.ActiveCfg = Debug|Any CPU
		{CF7556A0-4CC5-4E27-ADC5-440EC83CA26D}.Debug|Any CPU.Build.0 = Debug|Any CPU
		{CF7556A0-4CC5-4E27-ADC5-440EC83CA26D}.Release|Any CPU.ActiveCfg = Release|Any CPU
		{CF7556A0-4CC5-4E27-ADC5-440EC83CA26D}.Release|Any CPU.Build.0 = Release|Any CPU
		{64AFEB77-0EDA-40AF-AD2D-A2F33B10F46E}.Debug|Any CPU.ActiveCfg = Debug|Any CPU
		{64AFEB77-0EDA-40AF-AD2D-A2F33B10F46E}.Debug|Any CPU.Build.0 = Debug|Any CPU
		{64AFEB77-0EDA-40AF-AD2D-A2F33B10F46E}.Release|Any CPU.ActiveCfg = Release|Any CPU
		{64AFEB77-0EDA-40AF-AD2D-A2F33B10F46E}.Release|Any CPU.Build.0 = Release|Any CPU
		{A4328B99-905C-405F-A55F-D16119236621}.Debug|Any CPU.ActiveCfg = Debug|Any CPU
		{A4328B99-905C-405F-A55F-D16119236621}.Debug|Any CPU.Build.0 = Debug|Any CPU
		{A4328B99-905C-405F-A55F-D16119236621}.Release|Any CPU.ActiveCfg = Release|Any CPU
		{A4328B99-905C-405F-A55F-D16119236621}.Release|Any CPU.Build.0 = Release|Any CPU
		{115580AC-3E9B-4A0F-93C6-EA1E10ED41C7}.Debug|Any CPU.ActiveCfg = Debug|Any CPU
		{115580AC-3E9B-4A0F-93C6-EA1E10ED41C7}.Debug|Any CPU.Build.0 = Debug|Any CPU
		{115580AC-3E9B-4A0F-93C6-EA1E10ED41C7}.Release|Any CPU.ActiveCfg = Release|Any CPU
		{115580AC-3E9B-4A0F-93C6-EA1E10ED41C7}.Release|Any CPU.Build.0 = Release|Any CPU
		{BBEF1CD3-8DE7-417A-A843-F80FDDF81552}.Debug|Any CPU.ActiveCfg = Debug|Any CPU
		{BBEF1CD3-8DE7-417A-A843-F80FDDF81552}.Debug|Any CPU.Build.0 = Debug|Any CPU
		{BBEF1CD3-8DE7-417A-A843-F80FDDF81552}.Release|Any CPU.ActiveCfg = Release|Any CPU
		{BBEF1CD3-8DE7-417A-A843-F80FDDF81552}.Release|Any CPU.Build.0 = Release|Any CPU
		{36914279-276E-4606-B3B4-82316B2C6716}.Debug|Any CPU.ActiveCfg = Debug|Any CPU
		{36914279-276E-4606-B3B4-82316B2C6716}.Debug|Any CPU.Build.0 = Debug|Any CPU
		{36914279-276E-4606-B3B4-82316B2C6716}.Release|Any CPU.ActiveCfg = Release|Any CPU
		{36914279-276E-4606-B3B4-82316B2C6716}.Release|Any CPU.Build.0 = Release|Any CPU
		{6DD88A8B-910C-4BD7-8573-2418868E1B88}.Debug|Any CPU.ActiveCfg = Debug|Any CPU
		{6DD88A8B-910C-4BD7-8573-2418868E1B88}.Debug|Any CPU.Build.0 = Debug|Any CPU
		{6DD88A8B-910C-4BD7-8573-2418868E1B88}.Release|Any CPU.ActiveCfg = Release|Any CPU
		{6DD88A8B-910C-4BD7-8573-2418868E1B88}.Release|Any CPU.Build.0 = Release|Any CPU
		{1965F621-8BB1-4B04-A754-972A93122319}.Debug|Any CPU.ActiveCfg = Debug|Any CPU
		{1965F621-8BB1-4B04-A754-972A93122319}.Debug|Any CPU.Build.0 = Debug|Any CPU
		{1965F621-8BB1-4B04-A754-972A93122319}.Release|Any CPU.ActiveCfg = Release|Any CPU
		{1965F621-8BB1-4B04-A754-972A93122319}.Release|Any CPU.Build.0 = Release|Any CPU
		{F27BE8E6-0735-4474-ABAF-F630937F9CA6}.Debug|Any CPU.ActiveCfg = Debug|Any CPU
		{F27BE8E6-0735-4474-ABAF-F630937F9CA6}.Debug|Any CPU.Build.0 = Debug|Any CPU
		{F27BE8E6-0735-4474-ABAF-F630937F9CA6}.Release|Any CPU.ActiveCfg = Release|Any CPU
		{F27BE8E6-0735-4474-ABAF-F630937F9CA6}.Release|Any CPU.Build.0 = Release|Any CPU
		{E948E6EC-F1F3-4276-B91D-677161F5628A}.Debug|Any CPU.ActiveCfg = Debug|Any CPU
		{E948E6EC-F1F3-4276-B91D-677161F5628A}.Debug|Any CPU.Build.0 = Debug|Any CPU
		{E948E6EC-F1F3-4276-B91D-677161F5628A}.Release|Any CPU.ActiveCfg = Release|Any CPU
		{E948E6EC-F1F3-4276-B91D-677161F5628A}.Release|Any CPU.Build.0 = Release|Any CPU
		{324599EA-4F4F-4D9F-A341-7DF2C2A00A34}.Debug|Any CPU.ActiveCfg = Debug|Any CPU
		{324599EA-4F4F-4D9F-A341-7DF2C2A00A34}.Debug|Any CPU.Build.0 = Debug|Any CPU
		{324599EA-4F4F-4D9F-A341-7DF2C2A00A34}.Release|Any CPU.ActiveCfg = Release|Any CPU
		{324599EA-4F4F-4D9F-A341-7DF2C2A00A34}.Release|Any CPU.Build.0 = Release|Any CPU
		{AE5688CF-8E03-4BCC-9D22-8A2B24F7EEA1}.Debug|Any CPU.ActiveCfg = Debug|Any CPU
		{AE5688CF-8E03-4BCC-9D22-8A2B24F7EEA1}.Debug|Any CPU.Build.0 = Debug|Any CPU
		{AE5688CF-8E03-4BCC-9D22-8A2B24F7EEA1}.Release|Any CPU.ActiveCfg = Release|Any CPU
		{AE5688CF-8E03-4BCC-9D22-8A2B24F7EEA1}.Release|Any CPU.Build.0 = Release|Any CPU
		{F9CA12F5-E3AF-4795-982F-1113F9E3DFCD}.Debug|Any CPU.ActiveCfg = Debug|Any CPU
		{F9CA12F5-E3AF-4795-982F-1113F9E3DFCD}.Debug|Any CPU.Build.0 = Debug|Any CPU
		{F9CA12F5-E3AF-4795-982F-1113F9E3DFCD}.Release|Any CPU.ActiveCfg = Release|Any CPU
		{F9CA12F5-E3AF-4795-982F-1113F9E3DFCD}.Release|Any CPU.Build.0 = Release|Any CPU
		{0D5FEB1F-4E59-4D41-8A6D-25E3ED44ED60}.Debug|Any CPU.ActiveCfg = Debug|Any CPU
		{0D5FEB1F-4E59-4D41-8A6D-25E3ED44ED60}.Debug|Any CPU.Build.0 = Debug|Any CPU
		{0D5FEB1F-4E59-4D41-8A6D-25E3ED44ED60}.Release|Any CPU.ActiveCfg = Release|Any CPU
		{0D5FEB1F-4E59-4D41-8A6D-25E3ED44ED60}.Release|Any CPU.Build.0 = Release|Any CPU
		{21CE2EB9-85A2-4C3D-B8D9-F1956ED54103}.Debug|Any CPU.ActiveCfg = Debug|Any CPU
		{21CE2EB9-85A2-4C3D-B8D9-F1956ED54103}.Debug|Any CPU.Build.0 = Debug|Any CPU
		{21CE2EB9-85A2-4C3D-B8D9-F1956ED54103}.Release|Any CPU.ActiveCfg = Release|Any CPU
		{21CE2EB9-85A2-4C3D-B8D9-F1956ED54103}.Release|Any CPU.Build.0 = Release|Any CPU
		{C1258297-5EB2-4F96-AA75-CA709A9EA726}.Debug|Any CPU.ActiveCfg = Debug|Any CPU
		{C1258297-5EB2-4F96-AA75-CA709A9EA726}.Debug|Any CPU.Build.0 = Debug|Any CPU
		{C1258297-5EB2-4F96-AA75-CA709A9EA726}.Release|Any CPU.ActiveCfg = Release|Any CPU
		{C1258297-5EB2-4F96-AA75-CA709A9EA726}.Release|Any CPU.Build.0 = Release|Any CPU
		{CD042AF1-2D9F-411E-80A3-75030A3A04BE}.Debug|Any CPU.ActiveCfg = Debug|Any CPU
		{CD042AF1-2D9F-411E-80A3-75030A3A04BE}.Debug|Any CPU.Build.0 = Debug|Any CPU
		{CD042AF1-2D9F-411E-80A3-75030A3A04BE}.Release|Any CPU.ActiveCfg = Release|Any CPU
		{CD042AF1-2D9F-411E-80A3-75030A3A04BE}.Release|Any CPU.Build.0 = Release|Any CPU
		{5362C4A8-08C1-4404-AB24-FB1DD62158B6}.Debug|Any CPU.ActiveCfg = Debug|Any CPU
		{5362C4A8-08C1-4404-AB24-FB1DD62158B6}.Debug|Any CPU.Build.0 = Debug|Any CPU
		{5362C4A8-08C1-4404-AB24-FB1DD62158B6}.Release|Any CPU.ActiveCfg = Release|Any CPU
		{5362C4A8-08C1-4404-AB24-FB1DD62158B6}.Release|Any CPU.Build.0 = Release|Any CPU
		{F96C2F05-0423-4996-907F-83C864D292EC}.Debug|Any CPU.ActiveCfg = Debug|Any CPU
		{F96C2F05-0423-4996-907F-83C864D292EC}.Debug|Any CPU.Build.0 = Debug|Any CPU
		{F96C2F05-0423-4996-907F-83C864D292EC}.Release|Any CPU.ActiveCfg = Release|Any CPU
		{F96C2F05-0423-4996-907F-83C864D292EC}.Release|Any CPU.Build.0 = Release|Any CPU
		{5A4C8DC2-14B2-4594-A9B2-0B6EF815A76C}.Debug|Any CPU.ActiveCfg = Debug|Any CPU
		{5A4C8DC2-14B2-4594-A9B2-0B6EF815A76C}.Debug|Any CPU.Build.0 = Debug|Any CPU
		{5A4C8DC2-14B2-4594-A9B2-0B6EF815A76C}.Release|Any CPU.ActiveCfg = Release|Any CPU
		{5A4C8DC2-14B2-4594-A9B2-0B6EF815A76C}.Release|Any CPU.Build.0 = Release|Any CPU
		{FCE6038E-F460-4711-8C4E-E0D298D871B1}.Debug|Any CPU.ActiveCfg = Debug|Any CPU
		{FCE6038E-F460-4711-8C4E-E0D298D871B1}.Debug|Any CPU.Build.0 = Debug|Any CPU
		{FCE6038E-F460-4711-8C4E-E0D298D871B1}.Release|Any CPU.ActiveCfg = Release|Any CPU
		{FCE6038E-F460-4711-8C4E-E0D298D871B1}.Release|Any CPU.Build.0 = Release|Any CPU
		{56F8559C-BB90-486D-8274-F546ECC10D30}.Debug|Any CPU.ActiveCfg = Debug|Any CPU
		{56F8559C-BB90-486D-8274-F546ECC10D30}.Debug|Any CPU.Build.0 = Debug|Any CPU
		{56F8559C-BB90-486D-8274-F546ECC10D30}.Release|Any CPU.ActiveCfg = Release|Any CPU
		{56F8559C-BB90-486D-8274-F546ECC10D30}.Release|Any CPU.Build.0 = Release|Any CPU
		{80F787E6-3E11-4010-BFF5-52F1A81BD7CE}.Debug|Any CPU.ActiveCfg = Debug|Any CPU
		{80F787E6-3E11-4010-BFF5-52F1A81BD7CE}.Debug|Any CPU.Build.0 = Debug|Any CPU
		{80F787E6-3E11-4010-BFF5-52F1A81BD7CE}.Release|Any CPU.ActiveCfg = Release|Any CPU
		{80F787E6-3E11-4010-BFF5-52F1A81BD7CE}.Release|Any CPU.Build.0 = Release|Any CPU
		{AB757C19-F7B7-42DE-A447-DA27EC5BF775}.Debug|Any CPU.ActiveCfg = Debug|Any CPU
		{AB757C19-F7B7-42DE-A447-DA27EC5BF775}.Debug|Any CPU.Build.0 = Debug|Any CPU
		{AB757C19-F7B7-42DE-A447-DA27EC5BF775}.Release|Any CPU.ActiveCfg = Release|Any CPU
		{AB757C19-F7B7-42DE-A447-DA27EC5BF775}.Release|Any CPU.Build.0 = Release|Any CPU
		{86D3EE52-3AEC-4906-B4A2-41791E8858A5}.Debug|Any CPU.ActiveCfg = Debug|Any CPU
		{86D3EE52-3AEC-4906-B4A2-41791E8858A5}.Debug|Any CPU.Build.0 = Debug|Any CPU
		{86D3EE52-3AEC-4906-B4A2-41791E8858A5}.Release|Any CPU.ActiveCfg = Release|Any CPU
		{86D3EE52-3AEC-4906-B4A2-41791E8858A5}.Release|Any CPU.Build.0 = Release|Any CPU
		{79558D51-E616-44BC-9522-286A268BE047}.Debug|Any CPU.ActiveCfg = Debug|Any CPU
		{79558D51-E616-44BC-9522-286A268BE047}.Debug|Any CPU.Build.0 = Debug|Any CPU
		{79558D51-E616-44BC-9522-286A268BE047}.Release|Any CPU.ActiveCfg = Release|Any CPU
		{79558D51-E616-44BC-9522-286A268BE047}.Release|Any CPU.Build.0 = Release|Any CPU
		{633ADE16-1C92-4F3E-8366-82DD3BAA62F5}.Debug|Any CPU.ActiveCfg = Debug|Any CPU
		{633ADE16-1C92-4F3E-8366-82DD3BAA62F5}.Debug|Any CPU.Build.0 = Debug|Any CPU
		{633ADE16-1C92-4F3E-8366-82DD3BAA62F5}.Release|Any CPU.ActiveCfg = Release|Any CPU
		{633ADE16-1C92-4F3E-8366-82DD3BAA62F5}.Release|Any CPU.Build.0 = Release|Any CPU
		{24471AD1-D1C1-4916-8A39-279EAF5E58C2}.Debug|Any CPU.ActiveCfg = Debug|Any CPU
		{24471AD1-D1C1-4916-8A39-279EAF5E58C2}.Debug|Any CPU.Build.0 = Debug|Any CPU
		{24471AD1-D1C1-4916-8A39-279EAF5E58C2}.Release|Any CPU.ActiveCfg = Release|Any CPU
		{24471AD1-D1C1-4916-8A39-279EAF5E58C2}.Release|Any CPU.Build.0 = Release|Any CPU
		{6A4F9B8D-9641-4092-A834-93A1F7B7BBEA}.Debug|Any CPU.ActiveCfg = Debug|Any CPU
		{6A4F9B8D-9641-4092-A834-93A1F7B7BBEA}.Debug|Any CPU.Build.0 = Debug|Any CPU
		{6A4F9B8D-9641-4092-A834-93A1F7B7BBEA}.Release|Any CPU.ActiveCfg = Release|Any CPU
		{6A4F9B8D-9641-4092-A834-93A1F7B7BBEA}.Release|Any CPU.Build.0 = Release|Any CPU
		{165BD9E6-660E-4D85-A568-E514A61353BC}.Debug|Any CPU.ActiveCfg = Debug|Any CPU
		{165BD9E6-660E-4D85-A568-E514A61353BC}.Debug|Any CPU.Build.0 = Debug|Any CPU
		{165BD9E6-660E-4D85-A568-E514A61353BC}.Release|Any CPU.ActiveCfg = Release|Any CPU
		{165BD9E6-660E-4D85-A568-E514A61353BC}.Release|Any CPU.Build.0 = Release|Any CPU
		{66D0BC08-1DB7-4422-A8D3-3705C6FD77D0}.Debug|Any CPU.ActiveCfg = Debug|Any CPU
		{66D0BC08-1DB7-4422-A8D3-3705C6FD77D0}.Debug|Any CPU.Build.0 = Debug|Any CPU
		{66D0BC08-1DB7-4422-A8D3-3705C6FD77D0}.Release|Any CPU.ActiveCfg = Release|Any CPU
		{66D0BC08-1DB7-4422-A8D3-3705C6FD77D0}.Release|Any CPU.Build.0 = Release|Any CPU
		{DB6793B3-3D2D-4E92-B30B-D6FC4F8C7BEA}.Debug|Any CPU.ActiveCfg = Debug|Any CPU
		{DB6793B3-3D2D-4E92-B30B-D6FC4F8C7BEA}.Debug|Any CPU.Build.0 = Debug|Any CPU
		{DB6793B3-3D2D-4E92-B30B-D6FC4F8C7BEA}.Release|Any CPU.ActiveCfg = Release|Any CPU
		{DB6793B3-3D2D-4E92-B30B-D6FC4F8C7BEA}.Release|Any CPU.Build.0 = Release|Any CPU
		{063FE9C7-29BE-4D2D-949F-0ACBFE359271}.Debug|Any CPU.ActiveCfg = Debug|Any CPU
		{063FE9C7-29BE-4D2D-949F-0ACBFE359271}.Debug|Any CPU.Build.0 = Debug|Any CPU
		{063FE9C7-29BE-4D2D-949F-0ACBFE359271}.Release|Any CPU.ActiveCfg = Release|Any CPU
		{063FE9C7-29BE-4D2D-949F-0ACBFE359271}.Release|Any CPU.Build.0 = Release|Any CPU
		{8F13C46B-851E-4E3B-A706-7C597184B89F}.Debug|Any CPU.ActiveCfg = Debug|Any CPU
		{8F13C46B-851E-4E3B-A706-7C597184B89F}.Debug|Any CPU.Build.0 = Debug|Any CPU
		{8F13C46B-851E-4E3B-A706-7C597184B89F}.Release|Any CPU.ActiveCfg = Release|Any CPU
		{8F13C46B-851E-4E3B-A706-7C597184B89F}.Release|Any CPU.Build.0 = Release|Any CPU
		{554A8059-D0CB-4829-94EF-58EEDEFA89AF}.Debug|Any CPU.ActiveCfg = Debug|Any CPU
		{554A8059-D0CB-4829-94EF-58EEDEFA89AF}.Debug|Any CPU.Build.0 = Debug|Any CPU
		{554A8059-D0CB-4829-94EF-58EEDEFA89AF}.Release|Any CPU.ActiveCfg = Release|Any CPU
		{554A8059-D0CB-4829-94EF-58EEDEFA89AF}.Release|Any CPU.Build.0 = Release|Any CPU
		{3F5EC2A6-BEC4-4F3E-A9CB-8664676809D9}.Debug|Any CPU.ActiveCfg = Debug|Any CPU
		{3F5EC2A6-BEC4-4F3E-A9CB-8664676809D9}.Debug|Any CPU.Build.0 = Debug|Any CPU
		{3F5EC2A6-BEC4-4F3E-A9CB-8664676809D9}.Release|Any CPU.ActiveCfg = Release|Any CPU
		{3F5EC2A6-BEC4-4F3E-A9CB-8664676809D9}.Release|Any CPU.Build.0 = Release|Any CPU
		{791E5617-46FC-4990-9709-E7A7CCDC6B9B}.Debug|Any CPU.ActiveCfg = Debug|Any CPU
		{791E5617-46FC-4990-9709-E7A7CCDC6B9B}.Debug|Any CPU.Build.0 = Debug|Any CPU
		{791E5617-46FC-4990-9709-E7A7CCDC6B9B}.Release|Any CPU.ActiveCfg = Release|Any CPU
		{791E5617-46FC-4990-9709-E7A7CCDC6B9B}.Release|Any CPU.Build.0 = Release|Any CPU
		{AD82F002-A067-444F-8BE0-FABD940023B3}.Debug|Any CPU.ActiveCfg = Debug|Any CPU
		{AD82F002-A067-444F-8BE0-FABD940023B3}.Debug|Any CPU.Build.0 = Debug|Any CPU
		{AD82F002-A067-444F-8BE0-FABD940023B3}.Release|Any CPU.ActiveCfg = Release|Any CPU
		{AD82F002-A067-444F-8BE0-FABD940023B3}.Release|Any CPU.Build.0 = Release|Any CPU
		{F3EAC0AF-A586-4B92-9CF6-A81EF6E551C1}.Debug|Any CPU.ActiveCfg = Debug|Any CPU
		{F3EAC0AF-A586-4B92-9CF6-A81EF6E551C1}.Debug|Any CPU.Build.0 = Debug|Any CPU
		{F3EAC0AF-A586-4B92-9CF6-A81EF6E551C1}.Release|Any CPU.ActiveCfg = Release|Any CPU
		{F3EAC0AF-A586-4B92-9CF6-A81EF6E551C1}.Release|Any CPU.Build.0 = Release|Any CPU
		{91C0CFA3-6230-4C06-8871-08E8523A1800}.Debug|Any CPU.ActiveCfg = Debug|Any CPU
		{91C0CFA3-6230-4C06-8871-08E8523A1800}.Debug|Any CPU.Build.0 = Debug|Any CPU
		{91C0CFA3-6230-4C06-8871-08E8523A1800}.Release|Any CPU.ActiveCfg = Release|Any CPU
		{91C0CFA3-6230-4C06-8871-08E8523A1800}.Release|Any CPU.Build.0 = Release|Any CPU
		{80017C39-B655-4390-9006-59859B3775BD}.Debug|Any CPU.ActiveCfg = Debug|Any CPU
		{80017C39-B655-4390-9006-59859B3775BD}.Debug|Any CPU.Build.0 = Debug|Any CPU
		{80017C39-B655-4390-9006-59859B3775BD}.Release|Any CPU.ActiveCfg = Release|Any CPU
		{80017C39-B655-4390-9006-59859B3775BD}.Release|Any CPU.Build.0 = Release|Any CPU
	EndGlobalSection
	GlobalSection(SolutionProperties) = preSolution
		HideSolutionNode = FALSE
	EndGlobalSection
	GlobalSection(NestedProjects) = preSolution
		{7D4EF047-9A3D-49C7-B35C-D95A76628167} = {3AF4E5A3-41EB-4732-9D5F-CE6C9CC0F0D9}
		{1CDD47C2-7C4B-412D-8018-7311B98F4E28} = {3AF4E5A3-41EB-4732-9D5F-CE6C9CC0F0D9}
		{6F109DD5-D034-434D-8F9E-53E87CAC1B5B} = {3AF4E5A3-41EB-4732-9D5F-CE6C9CC0F0D9}
		{A96B6959-AE3E-4666-B4B2-D85C0BA8694D} = {3AF4E5A3-41EB-4732-9D5F-CE6C9CC0F0D9}
		{8E6CB7CC-D403-4371-8586-09C3296E583E} = {3AF4E5A3-41EB-4732-9D5F-CE6C9CC0F0D9}
		{7D936D0C-E43F-449A-BAE4-F3788F281A15} = {3AF4E5A3-41EB-4732-9D5F-CE6C9CC0F0D9}
		{C75EAB48-6A65-4676-AC86-B099F136ECCC} = {3AF4E5A3-41EB-4732-9D5F-CE6C9CC0F0D9}
		{45F57580-3A91-4EC2-959F-3BA7D8FC1892} = {3AF4E5A3-41EB-4732-9D5F-CE6C9CC0F0D9}
		{3EB736F6-C410-4928-8F32-80CE963278E0} = {3AF4E5A3-41EB-4732-9D5F-CE6C9CC0F0D9}
		{A3A4C589-E6C5-4252-9AB3-5B53ECD96598} = {3AF4E5A3-41EB-4732-9D5F-CE6C9CC0F0D9}
		{CF7556A0-4CC5-4E27-ADC5-440EC83CA26D} = {3AF4E5A3-41EB-4732-9D5F-CE6C9CC0F0D9}
		{64AFEB77-0EDA-40AF-AD2D-A2F33B10F46E} = {3AF4E5A3-41EB-4732-9D5F-CE6C9CC0F0D9}
		{A4328B99-905C-405F-A55F-D16119236621} = {3AF4E5A3-41EB-4732-9D5F-CE6C9CC0F0D9}
		{115580AC-3E9B-4A0F-93C6-EA1E10ED41C7} = {3AF4E5A3-41EB-4732-9D5F-CE6C9CC0F0D9}
		{BBEF1CD3-8DE7-417A-A843-F80FDDF81552} = {3AF4E5A3-41EB-4732-9D5F-CE6C9CC0F0D9}
		{36914279-276E-4606-B3B4-82316B2C6716} = {3AF4E5A3-41EB-4732-9D5F-CE6C9CC0F0D9}
		{6DD88A8B-910C-4BD7-8573-2418868E1B88} = {3AF4E5A3-41EB-4732-9D5F-CE6C9CC0F0D9}
		{1965F621-8BB1-4B04-A754-972A93122319} = {3AF4E5A3-41EB-4732-9D5F-CE6C9CC0F0D9}
		{F27BE8E6-0735-4474-ABAF-F630937F9CA6} = {3AF4E5A3-41EB-4732-9D5F-CE6C9CC0F0D9}
		{E948E6EC-F1F3-4276-B91D-677161F5628A} = {3AF4E5A3-41EB-4732-9D5F-CE6C9CC0F0D9}
		{324599EA-4F4F-4D9F-A341-7DF2C2A00A34} = {3AF4E5A3-41EB-4732-9D5F-CE6C9CC0F0D9}
		{AE5688CF-8E03-4BCC-9D22-8A2B24F7EEA1} = {3AF4E5A3-41EB-4732-9D5F-CE6C9CC0F0D9}
		{F9CA12F5-E3AF-4795-982F-1113F9E3DFCD} = {3AF4E5A3-41EB-4732-9D5F-CE6C9CC0F0D9}
		{0D5FEB1F-4E59-4D41-8A6D-25E3ED44ED60} = {3AF4E5A3-41EB-4732-9D5F-CE6C9CC0F0D9}
		{21CE2EB9-85A2-4C3D-B8D9-F1956ED54103} = {3AF4E5A3-41EB-4732-9D5F-CE6C9CC0F0D9}
		{C1258297-5EB2-4F96-AA75-CA709A9EA726} = {3AF4E5A3-41EB-4732-9D5F-CE6C9CC0F0D9}
		{CD042AF1-2D9F-411E-80A3-75030A3A04BE} = {3AF4E5A3-41EB-4732-9D5F-CE6C9CC0F0D9}
		{5362C4A8-08C1-4404-AB24-FB1DD62158B6} = {3AF4E5A3-41EB-4732-9D5F-CE6C9CC0F0D9}
		{F96C2F05-0423-4996-907F-83C864D292EC} = {3AF4E5A3-41EB-4732-9D5F-CE6C9CC0F0D9}
		{5A4C8DC2-14B2-4594-A9B2-0B6EF815A76C} = {3AF4E5A3-41EB-4732-9D5F-CE6C9CC0F0D9}
		{FCE6038E-F460-4711-8C4E-E0D298D871B1} = {3AF4E5A3-41EB-4732-9D5F-CE6C9CC0F0D9}
		{56F8559C-BB90-486D-8274-F546ECC10D30} = {3AF4E5A3-41EB-4732-9D5F-CE6C9CC0F0D9}
		{80F787E6-3E11-4010-BFF5-52F1A81BD7CE} = {3AF4E5A3-41EB-4732-9D5F-CE6C9CC0F0D9}
		{AB757C19-F7B7-42DE-A447-DA27EC5BF775} = {3AF4E5A3-41EB-4732-9D5F-CE6C9CC0F0D9}
		{86D3EE52-3AEC-4906-B4A2-41791E8858A5} = {3AF4E5A3-41EB-4732-9D5F-CE6C9CC0F0D9}
		{79558D51-E616-44BC-9522-286A268BE047} = {3AF4E5A3-41EB-4732-9D5F-CE6C9CC0F0D9}
		{633ADE16-1C92-4F3E-8366-82DD3BAA62F5} = {3AF4E5A3-41EB-4732-9D5F-CE6C9CC0F0D9}
		{24471AD1-D1C1-4916-8A39-279EAF5E58C2} = {3AF4E5A3-41EB-4732-9D5F-CE6C9CC0F0D9}
		{6A4F9B8D-9641-4092-A834-93A1F7B7BBEA} = {3AF4E5A3-41EB-4732-9D5F-CE6C9CC0F0D9}
		{165BD9E6-660E-4D85-A568-E514A61353BC} = {3AF4E5A3-41EB-4732-9D5F-CE6C9CC0F0D9}
		{66D0BC08-1DB7-4422-A8D3-3705C6FD77D0} = {3AF4E5A3-41EB-4732-9D5F-CE6C9CC0F0D9}
		{DB6793B3-3D2D-4E92-B30B-D6FC4F8C7BEA} = {3AF4E5A3-41EB-4732-9D5F-CE6C9CC0F0D9}
		{063FE9C7-29BE-4D2D-949F-0ACBFE359271} = {3AF4E5A3-41EB-4732-9D5F-CE6C9CC0F0D9}
		{8F13C46B-851E-4E3B-A706-7C597184B89F} = {3AF4E5A3-41EB-4732-9D5F-CE6C9CC0F0D9}
		{554A8059-D0CB-4829-94EF-58EEDEFA89AF} = {3AF4E5A3-41EB-4732-9D5F-CE6C9CC0F0D9}
		{3F5EC2A6-BEC4-4F3E-A9CB-8664676809D9} = {3AF4E5A3-41EB-4732-9D5F-CE6C9CC0F0D9}
		{791E5617-46FC-4990-9709-E7A7CCDC6B9B} = {3AF4E5A3-41EB-4732-9D5F-CE6C9CC0F0D9}
		{F3EAC0AF-A586-4B92-9CF6-A81EF6E551C1} = {3AF4E5A3-41EB-4732-9D5F-CE6C9CC0F0D9}
		{91C0CFA3-6230-4C06-8871-08E8523A1800} = {3AF4E5A3-41EB-4732-9D5F-CE6C9CC0F0D9}
		{80017C39-B655-4390-9006-59859B3775BD} = {3AF4E5A3-41EB-4732-9D5F-CE6C9CC0F0D9}
	EndGlobalSection
	GlobalSection(ExtensibilityGlobals) = postSolution
		SolutionGuid = {315E4754-CEDF-4501-BE20-F2C594330B43}
	EndGlobalSection
EndGlobal
